
Microsoft Visual Studio Solution File, Format Version 12.00
# Visual Studio Version 17
VisualStudioVersion = 17.0.31903.59
MinimumVisualStudioVersion = 10.0.40219.1
Project("{FAE04EC0-301F-11D3-BF4B-00C04F79EFBC}") = "Hangfire.Runner", "Hangfire.Runner\Hangfire.Runner.csproj", "{D67F5AF5-C31F-4472-9961-4ADCEC0013E0}"
EndProject
Project("{FAE04EC0-301F-11D3-BF4B-00C04F79EFBC}") = "Common", "Common\Common.csproj", "{7291E92D-C272-4E75-846F-03BB0E08A499}"
EndProject
Project("{FAE04EC0-301F-11D3-BF4B-00C04F79EFBC}") = "Hangfire.Dashboard", "Hangfire.Dashboard\Hangfire.Dashboard.csproj", "{746EF2DA-5175-4D40-A4E0-37CDC89F7DFA}"
EndProject
Global
	GlobalSection(SolutionConfigurationPlatforms) = preSolution
		Debug|Any CPU = Debug|Any CPU
		Release|Any CPU = Release|Any CPU
	EndGlobalSection
	GlobalSection(SolutionProperties) = preSolution
		HideSolutionNode = FALSE
	EndGlobalSection
	GlobalSection(ProjectConfigurationPlatforms) = postSolution
		{D67F5AF5-C31F-4472-9961-4ADCEC0013E0}.Debug|Any CPU.ActiveCfg = Debug|Any CPU
		{D67F5AF5-C31F-4472-9961-4ADCEC0013E0}.Debug|Any CPU.Build.0 = Debug|Any CPU
		{D67F5AF5-C31F-4472-9961-4ADCEC0013E0}.Release|Any CPU.ActiveCfg = Release|Any CPU
		{D67F5AF5-C31F-4472-9961-4ADCEC0013E0}.Release|Any CPU.Build.0 = Release|Any CPU
		{7291E92D-C272-4E75-846F-03BB0E08A499}.Debug|Any CPU.ActiveCfg = Debug|Any CPU
		{7291E92D-C272-4E75-846F-03BB0E08A499}.Debug|Any CPU.Build.0 = Debug|Any CPU
		{7291E92D-C272-4E75-846F-03BB0E08A499}.Release|Any CPU.ActiveCfg = Release|Any CPU
		{7291E92D-C272-4E75-846F-03BB0E08A499}.Release|Any CPU.Build.0 = Release|Any CPU
		{746EF2DA-5175-4D40-A4E0-37CDC89F7DFA}.Debug|Any CPU.ActiveCfg = Debug|Any CPU
		{746EF2DA-5175-4D40-A4E0-37CDC89F7DFA}.Debug|Any CPU.Build.0 = Debug|Any CPU
		{746EF2DA-5175-4D40-A4E0-37CDC89F7DFA}.Release|Any CPU.ActiveCfg = Release|Any CPU
		{746EF2DA-5175-4D40-A4E0-37CDC89F7DFA}.Release|Any CPU.Build.0 = Release|Any CPU
	EndGlobalSection
EndGlobal
